<?xml version="1.0" encoding="utf-8"?>
<Project ToolsVersion="4.0" xmlns="http://schemas.microsoft.com/developer/msbuild/2003">
  <ItemGroup>
    <Filter Include="Source Files">
      <UniqueIdentifier>{4FC737F1-C7A5-4376-A066-2A32D752A2FF}</UniqueIdentifier>
      <Extensions>cpp;c;cc;cxx;c++;cppm;ixx;def;odl;idl;hpj;bat;asm;asmx</Extensions>
    </Filter>
    <Filter Include="Header Files">
      <UniqueIdentifier>{93995380-89BD-4b04-88EB-625FBE52EBFB}</UniqueIdentifier>
      <Extensions>h;hh;hpp;hxx;h++;hm;inl;inc;ipp;xsd</Extensions>
    </Filter>
    <Filter Include="Resource Files">
      <UniqueIdentifier>{67DA6AB6-F800-4c08-8B7A-83BB121AAD01}</UniqueIdentifier>
      <Extensions>rc;ico;cur;bmp;dlg;rc2;rct;bin;rgs;gif;jpg;jpeg;jpe;resx;tiff;tif;png;wav;mfcribbon-ms</Extensions>
    </Filter>
  </ItemGroup>
  <ItemGroup>
    <ClInclude Include="framework.h">
      <Filter>Header Files</Filter>
    </ClInclude>
    <ClInclude Include="pch.h">
      <Filter>Header Files</Filter>
    </ClInclude>
    <ClInclude Include="export_methods.h">
      <Filter>Header Files</Filter>
    </ClInclude>
    <ClInclude Include="DirectX\D11Device.h">
      <Filter>Header Files</Filter>
    </ClInclude>
    <ClInclude Include="DirectX\D11Structures.h">
      <Filter>Header Files</Filter>
    </ClInclude>
    <ClInclude Include="DirectX\D11Renderer.h">
      <Filter>Header Files</Filter>
    </ClInclude>
    <ClInclude Include="Core\App.h">
      <Filter>Header Files</Filter>
    </ClInclude>
    <ClInclude Include="Scene\Scene.h">
      <Filter>Header Files</Filter>
    </ClInclude>
    <ClInclude Include="Camera\AbstractCamera.h">
      <Filter>Header Files</Filter>
    </ClInclude>
    <ClInclude Include="Camera\OrbitCamera.h">
      <Filter>Header Files</Filter>
    </ClInclude>
    <ClInclude Include="Scene\SceneObject.h">
      <Filter>Header Files</Filter>
    </ClInclude>
    <ClInclude Include="DirectX\Buffers\D11Buffer.h">
      <Filter>Header Files</Filter>
    </ClInclude>
    <ClInclude Include="DirectX\Buffers\D11VertexBuffer.h">
      <Filter>Header Files</Filter>
    </ClInclude>
    <ClInclude Include="DirectX\Buffers\D11IndexBuffer.h">
      <Filter>Header Files</Filter>
    </ClInclude>
    <ClInclude Include="DirectX\Buffers\D11ConstantBuffer.h">
      <Filter>Header Files</Filter>
    </ClInclude>
    <ClInclude Include="DirectX\Shaders\D11Shader.h">
      <Filter>Header Files</Filter>
    </ClInclude>
    <ClInclude Include="DirectX\Shaders\D11VertexShader.h">
      <Filter>Header Files</Filter>
    </ClInclude>
    <ClInclude Include="DirectX\Shaders\D11PixelShader.h">
      <Filter>Header Files</Filter>
    </ClInclude>
    <ClInclude Include="DirectX\Shaders\D11GeometryShader.h">
      <Filter>Header Files</Filter>
    </ClInclude>
    <ClInclude Include="DirectX\Shaders\D11HullShader.h">
      <Filter>Header Files</Filter>
    </ClInclude>
    <ClInclude Include="DirectX\Shaders\D11DomainShader.h">
      <Filter>Header Files</Filter>
    </ClInclude>
    <ClInclude Include="DirectX\D11ShaderLoader.h">
      <Filter>Header Files</Filter>
    </ClInclude>
    <ClInclude Include="Components\Rendering\RenderingComponent.h">
      <Filter>Header Files</Filter>
    </ClInclude>
    <ClInclude Include="Components\Rendering\TessellationComponent.h">
      <Filter>Header Files</Filter>
    </ClInclude>
    <ClInclude Include="Components\TransformComponent.h">
      <Filter>Header Files</Filter>
    </ClInclude>
    <ClInclude Include="Scene\SceneIterator.h">
      <Filter>Header Files</Filter>
    </ClInclude>
    <ClInclude Include="Scene\EntityFactory.h">
      <Filter>Header Files</Filter>
    </ClInclude>
    <ClInclude Include="Resources\Meshes\Cube.h">
      <Filter>Header Files</Filter>
    </ClInclude>
    <ClInclude Include="Resources\Meshes\WorldGrid.h">
      <Filter>Header Files</Filter>
    </ClInclude>
    <ClInclude Include="Components\Rendering\DepthStateComponent.h">
      <Filter>Header Files</Filter>
    </ClInclude>
    <ClInclude Include="Resources\Meshes\CubeNormal.h">
      <Filter>Header Files</Filter>
    </ClInclude>
    <ClInclude Include="Components\PhysicsComponent.h">
      <Filter>Header Files</Filter>
    </ClInclude>
  </ItemGroup>
  <ItemGroup>
    <ClCompile Include="dllmain.cpp">
      <Filter>Source Files</Filter>
    </ClCompile>
    <ClCompile Include="pch.cpp">
      <Filter>Source Files</Filter>
    </ClCompile>
    <ClCompile Include="export_methods.cpp">
      <Filter>Source Files</Filter>
    </ClCompile>
    <ClCompile Include="DirectX\D11Device.cpp">
      <Filter>Source Files</Filter>
    </ClCompile>
    <ClCompile Include="DirectX\D11Structures.cpp">
      <Filter>Source Files</Filter>
    </ClCompile>
    <ClCompile Include="DirectX\D11Renderer.cpp">
      <Filter>Source Files</Filter>
    </ClCompile>
    <ClCompile Include="Core\App.cpp">
      <Filter>Source Files</Filter>
    </ClCompile>
    <ClCompile Include="Camera\OrbitCamera.cpp">
      <Filter>Source Files</Filter>
    </ClCompile>
    <ClCompile Include="Scene\SceneObject.cpp">
      <Filter>Source Files</Filter>
    </ClCompile>
    <ClCompile Include="Scene\Scene.cpp">
      <Filter>Source Files</Filter>
    </ClCompile>
    <ClCompile Include="DirectX\Buffers\D11Buffer.cpp">
      <Filter>Source Files</Filter>
    </ClCompile>
    <ClCompile Include="DirectX\Buffers\D11IndexBuffer.cpp">
      <Filter>Source Files</Filter>
    </ClCompile>
    <ClCompile Include="DirectX\Buffers\D11VertexBuffer.cpp">
      <Filter>Source Files</Filter>
    </ClCompile>
    <ClCompile Include="DirectX\Buffers\D11ConstantBuffer.cpp">
      <Filter>Source Files</Filter>
    </ClCompile>
    <ClCompile Include="DirectX\Shaders\D11Shader.cpp">
      <Filter>Source Files</Filter>
    </ClCompile>
    <ClCompile Include="DirectX\D11ShaderLoader.cpp">
      <Filter>Source Files</Filter>
    </ClCompile>
    <ClCompile Include="Scene\EntityFactory.cpp">
      <Filter>Source Files</Filter>
    </ClCompile>
  </ItemGroup>
  <ItemGroup>
    <FxCompile Include="Resources\Shaders\mvp_vs.hlsl" />
    <FxCompile Include="Resources\Shaders\solid_white_ps.hlsl" />
    <FxCompile Include="Resources\Shaders\pos_unproject_vs.hlsl" />
    <FxCompile Include="Resources\Shaders\grid_ps.hlsl" />
    <FxCompile Include="Resources\Shaders\lighting_ps.hlsl" />
  </ItemGroup>
</Project>